// !$*UTF8*$!
{
	archiveVersion = 1;
	classes = {
	};
	objectVersion = 56;
	objects = {

/* Begin PBXBuildFile section */
		F94EDA352BA35A6B00BDA97C /* AppDelegate.swift in Sources */ = {isa = PBXBuildFile; fileRef = F94EDA342BA35A6B00BDA97C /* AppDelegate.swift */; };
		F94EDA372BA35A6B00BDA97C /* SceneDelegate.swift in Sources */ = {isa = PBXBuildFile; fileRef = F94EDA362BA35A6B00BDA97C /* SceneDelegate.swift */; };
		F94EDA392BA35A6B00BDA97C /* ViewController.swift in Sources */ = {isa = PBXBuildFile; fileRef = F94EDA382BA35A6B00BDA97C /* ViewController.swift */; };
		F94EDA3C2BA35A6B00BDA97C /* Base in Resources */ = {isa = PBXBuildFile; fileRef = F94EDA3B2BA35A6B00BDA97C /* Base */; };
		F94EDA3F2BA35A6B00BDA97C /* MemoriaApp.xcdatamodeld in Sources */ = {isa = PBXBuildFile; fileRef = F94EDA3D2BA35A6B00BDA97C /* MemoriaApp.xcdatamodeld */; };
		F94EDA412BA35A6B00BDA97C /* Assets.xcassets in Resources */ = {isa = PBXBuildFile; fileRef = F94EDA402BA35A6B00BDA97C /* Assets.xcassets */; };
		F94EDA442BA35A6B00BDA97C /* Base in Resources */ = {isa = PBXBuildFile; fileRef = F94EDA432BA35A6B00BDA97C /* Base */; };
/* End PBXBuildFile section */

/* Begin PBXFileReference section */
		F94EDA312BA35A6A00BDA97C /* MemoriaApp.app */ = {isa = PBXFileReference; explicitFileType = wrapper.application; includeInIndex = 0; path = MemoriaApp.app; sourceTree = BUILT_PRODUCTS_DIR; };
		F94EDA342BA35A6B00BDA97C /* AppDelegate.swift */ = {isa = PBXFileReference; lastKnownFileType = sourcecode.swift; path = AppDelegate.swift; sourceTree = "<group>"; };
		F94EDA362BA35A6B00BDA97C /* SceneDelegate.swift */ = {isa = PBXFileReference; lastKnownFileType = sourcecode.swift; path = SceneDelegate.swift; sourceTree = "<group>"; };
		F94EDA382BA35A6B00BDA97C /* ViewController.swift */ = {isa = PBXFileReference; lastKnownFileType = sourcecode.swift; path = ViewController.swift; sourceTree = "<group>"; };
		F94EDA3B2BA35A6B00BDA97C /* Base */ = {isa = PBXFileReference; lastKnownFileType = file.storyboard; name = Base; path = Base.lproj/Main.storyboard; sourceTree = "<group>"; };
		F94EDA3E2BA35A6B00BDA97C /* MemoriaApp.xcdatamodel */ = {isa = PBXFileReference; lastKnownFileType = wrapper.xcdatamodel; path = MemoriaApp.xcdatamodel; sourceTree = "<group>"; };
		F94EDA402BA35A6B00BDA97C /* Assets.xcassets */ = {isa = PBXFileReference; lastKnownFileType = folder.assetcatalog; path = Assets.xcassets; sourceTree = "<group>"; };
		F94EDA432BA35A6B00BDA97C /* Base */ = {isa = PBXFileReference; lastKnownFileType = file.storyboard; name = Base; path = Base.lproj/LaunchScreen.storyboard; sourceTree = "<group>"; };
		F94EDA452BA35A6B00BDA97C /* Info.plist */ = {isa = PBXFileReference; lastKnownFileType = text.plist.xml; path = Info.plist; sourceTree = "<group>"; };
/* End PBXFileReference section */

/* Begin PBXFrameworksBuildPhase section */
		F94EDA2E2BA35A6A00BDA97C /* Frameworks */ = {
			isa = PBXFrameworksBuildPhase;
			buildActionMask = 2147483647;
			files = (
			);
			runOnlyForDeploymentPostprocessing = 0;
		};
/* End PBXFrameworksBuildPhase section */

/* Begin PBXGroup section */
		F94EDA282BA35A6A00BDA97C = {
			isa = PBXGroup;
			children = (
				F94EDA332BA35A6A00BDA97C /* MemoriaApp */,
				F94EDA322BA35A6A00BDA97C /* Products */,
			);
			sourceTree = "<group>";
		};
		F94EDA322BA35A6A00BDA97C /* Products */ = {
			isa = PBXGroup;
			children = (
				F94EDA312BA35A6A00BDA97C /* MemoriaApp.app */,
			);
			name = Products;
			sourceTree = "<group>";
		};
		F94EDA332BA35A6A00BDA97C /* MemoriaApp */ = {
			isa = PBXGroup;
			children = (
				F94EDA342BA35A6B00BDA97C /* AppDelegate.swift */,
				F94EDA362BA35A6B00BDA97C /* SceneDelegate.swift */,
				F94EDA382BA35A6B00BDA97C /* ViewController.swift */,
				F94EDA3A2BA35A6B00BDA97C /* Main.storyboard */,
				F94EDA402BA35A6B00BDA97C /* Assets.xcassets */,
				F94EDA422BA35A6B00BDA97C /* LaunchScreen.storyboard */,
				F94EDA452BA35A6B00BDA97C /* Info.plist */,
				F94EDA3D2BA35A6B00BDA97C /* MemoriaApp.xcdatamodeld */,
			);
			path = MemoriaApp;
			sourceTree = "<group>";
		};
/* End PBXGroup section */

/* Begin PBXNativeTarget section */
		F94EDA302BA35A6A00BDA97C /* MemoriaApp */ = {
			isa = PBXNativeTarget;
			buildConfigurationList = F94EDA482BA35A6B00BDA97C /* Build configuration list for PBXNativeTarget "MemoriaApp" */;
			buildPhases = (
				F94EDA2D2BA35A6A00BDA97C /* Sources */,
				F94EDA2E2BA35A6A00BDA97C /* Frameworks */,
				F94EDA2F2BA35A6A00BDA97C /* Resources */,
			);
			buildRules = (
			);
			dependencies = (
			);
			name = MemoriaApp;
			productName = MemoriaApp;
			productReference = F94EDA312BA35A6A00BDA97C /* MemoriaApp.app */;
			productType = "com.apple.product-type.application";
		};
/* End PBXNativeTarget section */

/* Begin PBXProject section */
		F94EDA292BA35A6A00BDA97C /* Project object */ = {
			isa = PBXProject;
			attributes = {
				BuildIndependentTargetsInParallel = 1;
				LastSwiftUpdateCheck = 1530;
				LastUpgradeCheck = 1530;
				TargetAttributes = {
					F94EDA302BA35A6A00BDA97C = {
						CreatedOnToolsVersion = 15.3;
					};
				};
			};
			buildConfigurationList = F94EDA2C2BA35A6A00BDA97C /* Build configuration list for PBXProject "MemoriaApp" */;
			compatibilityVersion = "Xcode 14.0";
			developmentRegion = en;
			hasScannedForEncodings = 0;
			knownRegions = (
				en,
				Base,
			);
			mainGroup = F94EDA282BA35A6A00BDA97C;
			productRefGroup = F94EDA322BA35A6A00BDA97C /* Products */;
			projectDirPath = "";
			projectRoot = "";
			targets = (
				F94EDA302BA35A6A00BDA97C /* MemoriaApp */,
			);
		};
/* End PBXProject section */

/* Begin PBXResourcesBuildPhase section */
		F94EDA2F2BA35A6A00BDA97C /* Resources */ = {
			isa = PBXResourcesBuildPhase;
			buildActionMask = 2147483647;
			files = (
				F94EDA412BA35A6B00BDA97C /* Assets.xcassets in Resources */,
				F94EDA442BA35A6B00BDA97C /* Base in Resources */,
				F94EDA3C2BA35A6B00BDA97C /* Base in Resources */,
			);
			runOnlyForDeploymentPostprocessing = 0;
		};
/* End PBXResourcesBuildPhase section */

/* Begin PBXSourcesBuildPhase section */
		F94EDA2D2BA35A6A00BDA97C /* Sources */ = {
			isa = PBXSourcesBuildPhase;
			buildActionMask = 2147483647;
			files = (
				F94EDA392BA35A6B00BDA97C /* ViewController.swift in Sources */,
				F94EDA352BA35A6B00BDA97C /* AppDelegate.swift in Sources */,
				F94EDA3F2BA35A6B00BDA97C /* MemoriaApp.xcdatamodeld in Sources */,
				F94EDA372BA35A6B00BDA97C /* SceneDelegate.swift in Sources */,
			);
			runOnlyForDeploymentPostprocessing = 0;
		};
/* End PBXSourcesBuildPhase section */

/* Begin PBXVariantGroup section */
		F94EDA3A2BA35A6B00BDA97C /* Main.storyboard */ = {
			isa = PBXVariantGroup;
			children = (
				F94EDA3B2BA35A6B00BDA97C /* Base */,
			);
			name = Main.storyboard;
			sourceTree = "<group>";
		};
		F94EDA422BA35A6B00BDA97C /* LaunchScreen.storyboard */ = {
			isa = PBXVariantGroup;
			children = (
				F94EDA432BA35A6B00BDA97C /* Base */,
			);
			name = LaunchScreen.storyboard;
			sourceTree = "<group>";
		};
/* End PBXVariantGroup section */

/* Begin XCBuildConfiguration section */
		F94EDA462BA35A6B00BDA97C /* Debug */ = {
			isa = XCBuildConfiguration;
			buildSettings = {
				ALWAYS_SEARCH_USER_PATHS = NO;
				ASSETCATALOG_COMPILER_GENERATE_SWIFT_ASSET_SYMBOL_EXTENSIONS = YES;
				CLANG_ANALYZER_NONNULL = YES;
				CLANG_ANALYZER_NUMBER_OBJECT_CONVERSION = YES_AGGRESSIVE;
				CLANG_CXX_LANGUAGE_STANDARD = "gnu++20";
				CLANG_ENABLE_MODULES = YES;
				CLANG_ENABLE_OBJC_ARC = YES;
				CLANG_ENABLE_OBJC_WEAK = YES;
				CLANG_WARN_BLOCK_CAPTURE_AUTORELEASING = YES;
				CLANG_WARN_BOOL_CONVERSION = YES;
				CLANG_WARN_COMMA = YES;
				CLANG_WARN_CONSTANT_CONVERSION = YES;
				CLANG_WARN_DEPRECATED_OBJC_IMPLEMENTATIONS = YES;
				CLANG_WARN_DIRECT_OBJC_ISA_USAGE = YES_ERROR;
				CLANG_WARN_DOCUMENTATION_COMMENTS = YES;
				CLANG_WARN_EMPTY_BODY = YES;
				CLANG_WARN_ENUM_CONVERSION = YES;
				CLANG_WARN_INFINITE_RECURSION = YES;
				CLANG_WARN_INT_CONVERSION = YES;
				CLANG_WARN_NON_LITERAL_NULL_CONVERSION = YES;
				CLANG_WARN_OBJC_IMPLICIT_RETAIN_SELF = YES;
				CLANG_WARN_OBJC_LITERAL_CONVERSION = YES;
				CLANG_WARN_OBJC_ROOT_CLASS = YES_ERROR;
				CLANG_WARN_QUOTED_INCLUDE_IN_FRAMEWORK_HEADER = YES;
				CLANG_WARN_RANGE_LOOP_ANALYSIS = YES;
				CLANG_WARN_STRICT_PROTOTYPES = YES;
				CLANG_WARN_SUSPICIOUS_MOVE = YES;
				CLANG_WARN_UNGUARDED_AVAILABILITY = YES_AGGRESSIVE;
				CLANG_WARN_UNREACHABLE_CODE = YES;
				CLANG_WARN__DUPLICATE_METHOD_MATCH = YES;
				COPY_PHASE_STRIP = NO;
				DEBUG_INFORMATION_FORMAT = dwarf;
				ENABLE_STRICT_OBJC_MSGSEND = YES;
				ENABLE_TESTABILITY = YES;
				ENABLE_USER_SCRIPT_SANDBOXING = YES;
				GCC_C_LANGUAGE_STANDARD = gnu17;
				GCC_DYNAMIC_NO_PIC = NO;
				GCC_NO_COMMON_BLOCKS = YES;
				GCC_OPTIMIZATION_LEVEL = 0;
				GCC_PREPROCESSOR_DEFINITIONS = (
					"DEBUG=1",
					"$(inherited)",
				);
				GCC_WARN_64_TO_32_BIT_CONVERSION = YES;
				GCC_WARN_ABOUT_RETURN_TYPE = YES_ERROR;
				GCC_WARN_UNDECLARED_SELECTOR = YES;
				GCC_WARN_UNINITIALIZED_AUTOS = YES_AGGRESSIVE;
				GCC_WARN_UNUSED_FUNCTION = YES;
				GCC_WARN_UNUSED_VARIABLE = YES;
				IPHONEOS_DEPLOYMENT_TARGET = 17.4;
				LOCALIZATION_PREFERS_STRING_CATALOGS = YES;
				MTL_ENABLE_DEBUG_INFO = INCLUDE_SOURCE;
				MTL_FAST_MATH = YES;
				ONLY_ACTIVE_ARCH = YES;
				SDKROOT = iphoneos;
				SWIFT_ACTIVE_COMPILATION_CONDITIONS = "DEBUG $(inherited)";
				SWIFT_OPTIMIZATION_LEVEL = "-Onone";
			};
			name = Debug;
		};
		F94EDA472BA35A6B00BDA97C /* Release */ = {
			isa = XCBuildConfiguration;
			buildSettings = {
				ALWAYS_SEARCH_USER_PATHS = NO;
				ASSETCATALOG_COMPILER_GENERATE_SWIFT_ASSET_SYMBOL_EXTENSIONS = YES;
				CLANG_ANALYZER_NONNULL = YES;
				CLANG_ANALYZER_NUMBER_OBJECT_CONVERSION = YES_AGGRESSIVE;
				CLANG_CXX_LANGUAGE_STANDARD = "gnu++20";
				CLANG_ENABLE_MODULES = YES;
				CLANG_ENABLE_OBJC_ARC = YES;
				CLANG_ENABLE_OBJC_WEAK = YES;
				CLANG_WARN_BLOCK_CAPTURE_AUTORELEASING = YES;
				CLANG_WARN_BOOL_CONVERSION = YES;
				CLANG_WARN_COMMA = YES;
				CLANG_WARN_CONSTANT_CONVERSION = YES;
				CLANG_WARN_DEPRECATED_OBJC_IMPLEMENTATIONS = YES;
				CLANG_WARN_DIRECT_OBJC_ISA_USAGE = YES_ERROR;
				CLANG_WARN_DOCUMENTATION_COMMENTS = YES;
				CLANG_WARN_EMPTY_BODY = YES;
				CLANG_WARN_ENUM_CONVERSION = YES;
				CLANG_WARN_INFINITE_RECURSION = YES;
				CLANG_WARN_INT_CONVERSION = YES;
				CLANG_WARN_NON_LITERAL_NULL_CONVERSION = YES;
				CLANG_WARN_OBJC_IMPLICIT_RETAIN_SELF = YES;
				CLANG_WARN_OBJC_LITERAL_CONVERSION = YES;
				CLANG_WARN_OBJC_ROOT_CLASS = YES_ERROR;
				CLANG_WARN_QUOTED_INCLUDE_IN_FRAMEWORK_HEADER = YES;
				CLANG_WARN_RANGE_LOOP_ANALYSIS = YES;
				CLANG_WARN_STRICT_PROTOTYPES = YES;
				CLANG_WARN_SUSPICIOUS_MOVE = YES;
				CLANG_WARN_UNGUARDED_AVAILABILITY = YES_AGGRESSIVE;
				CLANG_WARN_UNREACHABLE_CODE = YES;
				CLANG_WARN__DUPLICATE_METHOD_MATCH = YES;
				COPY_PHASE_STRIP = NO;
				DEBUG_INFORMATION_FORMAT = "dwarf-with-dsym";
				ENABLE_NS_ASSERTIONS = NO;
				ENABLE_STRICT_OBJC_MSGSEND = YES;
				ENABLE_USER_SCRIPT_SANDBOXING = YES;
				GCC_C_LANGUAGE_STANDARD = gnu17;
				GCC_NO_COMMON_BLOCKS = YES;
				GCC_WARN_64_TO_32_BIT_CONVERSION = YES;
				GCC_WARN_ABOUT_RETURN_TYPE = YES_ERROR;
				GCC_WARN_UNDECLARED_SELECTOR = YES;
				GCC_WARN_UNINITIALIZED_AUTOS = YES_AGGRESSIVE;
				GCC_WARN_UNUSED_FUNCTION = YES;
				GCC_WARN_UNUSED_VARIABLE = YES;
				IPHONEOS_DEPLOYMENT_TARGET = 17.4;
				LOCALIZATION_PREFERS_STRING_CATALOGS = YES;
				MTL_ENABLE_DEBUG_INFO = NO;
				MTL_FAST_MATH = YES;
				SDKROOT = iphoneos;
				SWIFT_COMPILATION_MODE = wholemodule;
				VALIDATE_PRODUCT = YES;
			};
			name = Release;
		};
		F94EDA492BA35A6B00BDA97C /* Debug */ = {
			isa = XCBuildConfiguration;
			buildSettings = {
				ASSETCATALOG_COMPILER_APPICON_NAME = AppIcon;
				ASSETCATALOG_COMPILER_GLOBAL_ACCENT_COLOR_NAME = AccentColor;
				CODE_SIGN_STYLE = Automatic;
				CURRENT_PROJECT_VERSION = 1;
				GENERATE_INFOPLIST_FILE = YES;
				INFOPLIST_FILE = MemoriaApp/Info.plist;
				INFOPLIST_KEY_UIApplicationSupportsIndirectInputEvents = YES;
				INFOPLIST_KEY_UILaunchStoryboardName = LaunchScreen;
				INFOPLIST_KEY_UIMainStoryboardFile = Main;
				INFOPLIST_KEY_UISupportedInterfaceOrientations_iPad = "UIInterfaceOrientationPortrait UIInterfaceOrientationPortraitUpsideDown UIInterfaceOrientationLandscapeLeft UIInterfaceOrientationLandscapeRight";
				INFOPLIST_KEY_UISupportedInterfaceOrientations_iPhone = "UIInterfaceOrientationPortrait UIInterfaceOrientationLandscapeLeft UIInterfaceOrientationLandscapeRight";
				LD_RUNPATH_SEARCH_PATHS = (
					"$(inherited)",
					"@executable_path/Frameworks",
				);
				MARKETING_VERSION = 1.0;
				PRODUCT_BUNDLE_IDENTIFIER = com.ibrahimsahan.MemoriaApp;
				PRODUCT_NAME = "$(TARGET_NAME)";
				SWIFT_EMIT_LOC_STRINGS = YES;
				SWIFT_VERSION = 5.0;
				TARGETED_DEVICE_FAMILY = "1,2";
			};
			name = Debug;
		};
		F94EDA4A2BA35A6B00BDA97C /* Release */ = {
			isa = XCBuildConfiguration;
			buildSettings = {
				ASSETCATALOG_COMPILER_APPICON_NAME = AppIcon;
				ASSETCATALOG_COMPILER_GLOBAL_ACCENT_COLOR_NAME = AccentColor;
				CODE_SIGN_STYLE = Automatic;
				CURRENT_PROJECT_VERSION = 1;
				GENERATE_INFOPLIST_FILE = YES;
				INFOPLIST_FILE = MemoriaApp/Info.plist;
				INFOPLIST_KEY_UIApplicationSupportsIndirectInputEvents = YES;
				INFOPLIST_KEY_UILaunchStoryboardName = LaunchScreen;
				INFOPLIST_KEY_UIMainStoryboardFile = Main;
				INFOPLIST_KEY_UISupportedInterfaceOrientations_iPad = "UIInterfaceOrientationPortrait UIInterfaceOrientationPortraitUpsideDown UIInterfaceOrientationLandscapeLeft UIInterfaceOrientationLandscapeRight";
				INFOPLIST_KEY_UISupportedInterfaceOrientations_iPhone = "UIInterfaceOrientationPortrait UIInterfaceOrientationLandscapeLeft UIInterfaceOrientationLandscapeRight";
				LD_RUNPATH_SEARCH_PATHS = (
					"$(inherited)",
					"@executable_path/Frameworks",
				);
				MARKETING_VERSION = 1.0;
				PRODUCT_BUNDLE_IDENTIFIER = com.ibrahimsahan.MemoriaApp;
				PRODUCT_NAME = "$(TARGET_NAME)";
				SWIFT_EMIT_LOC_STRINGS = YES;
				SWIFT_VERSION = 5.0;
				TARGETED_DEVICE_FAMILY = "1,2";
			};
			name = Release;
		};
/* End XCBuildConfiguration section */

/* Begin XCConfigurationList section */
		F94EDA2C2BA35A6A00BDA97C /* Build configuration list for PBXProject "MemoriaApp" */ = {
			isa = XCConfigurationList;
			buildConfigurations = (
				F94EDA462BA35A6B00BDA97C /* Debug */,
				F94EDA472BA35A6B00BDA97C /* Release */,
			);
			defaultConfigurationIsVisible = 0;
			defaultConfigurationName = Release;
		};
		F94EDA482BA35A6B00BDA97C /* Build configuration list for PBXNativeTarget "MemoriaApp" */ = {
			isa = XCConfigurationList;
			buildConfigurations = (
				F94EDA492BA35A6B00BDA97C /* Debug */,
				F94EDA4A2BA35A6B00BDA97C /* Release */,
			);
			defaultConfigurationIsVisible = 0;
			defaultConfigurationName = Release;
		};
/* End XCConfigurationList section */

/* Begin XCVersionGroup section */
		F94EDA3D2BA35A6B00BDA97C /* MemoriaApp.xcdatamodeld */ = {
			isa = XCVersionGroup;
			children = (
				F94EDA3E2BA35A6B00BDA97C /* MemoriaApp.xcdatamodel */,
			);
			currentVersion = F94EDA3E2BA35A6B00BDA97C /* MemoriaApp.xcdatamodel */;
			path = MemoriaApp.xcdatamodeld;
			sourceTree = "<group>";
			versionGroupType = wrapper.xcdatamodel;
		};
/* End XCVersionGroup section */
	};
	rootObject = F94EDA292BA35A6A00BDA97C /* Project object */;
}
